
Microsoft Visual Studio Solution File, Format Version 12.00
# Visual Studio Version 17
VisualStudioVersion = 17.7.34018.315
MinimumVisualStudioVersion = 10.0.40219.1
Project("{9A19103F-16F7-4668-BE54-9A1E7A4F7556}") = "PlatformService", "PlatformService\PlatformService.csproj", "{F8671C26-B245-420C-9BAB-58215206DFBD}"
EndProject
Project("{E24C65DC-7377-472B-9ABA-BC803B73C61A}") = "K8S", "K8S\", "{CFB0929B-D12A-4CB0-BC1D-14F3ACE833AF}"
	ProjectSection(WebsiteProperties) = preProject
		TargetFrameworkMoniker = ".NETFramework,Version%3Dv4.8"
		Debug.AspNetCompiler.VirtualPath = "/localhost_58909"
		Debug.AspNetCompiler.PhysicalPath = "K8S\"
		Debug.AspNetCompiler.TargetPath = "PrecompiledWeb\localhost_58909\"
		Debug.AspNetCompiler.Updateable = "true"
		Debug.AspNetCompiler.ForceOverwrite = "true"
		Debug.AspNetCompiler.FixedNames = "false"
		Debug.AspNetCompiler.Debug = "True"
		Release.AspNetCompiler.VirtualPath = "/localhost_58909"
		Release.AspNetCompiler.PhysicalPath = "K8S\"
		Release.AspNetCompiler.TargetPath = "PrecompiledWeb\localhost_58909\"
		Release.AspNetCompiler.Updateable = "true"
		Release.AspNetCompiler.ForceOverwrite = "true"
		Release.AspNetCompiler.FixedNames = "false"
		Release.AspNetCompiler.Debug = "False"
		VWDPort = "58909"
		SlnRelativePath = "K8S\"
	EndProjectSection
EndProject
Project("{FAE04EC0-301F-11D3-BF4B-00C04F79EFBC}") = "CommandsService", "CommandsService\CommandsService.csproj", "{0BD281E7-B414-40D2-9C47-32FC92B8D067}"
EndProject
Global
	GlobalSection(SolutionConfigurationPlatforms) = preSolution
		Debug|Any CPU = Debug|Any CPU
		Release|Any CPU = Release|Any CPU
	EndGlobalSection
	GlobalSection(ProjectConfigurationPlatforms) = postSolution
		{F8671C26-B245-420C-9BAB-58215206DFBD}.Debug|Any CPU.ActiveCfg = Debug|Any CPU
		{F8671C26-B245-420C-9BAB-58215206DFBD}.Debug|Any CPU.Build.0 = Debug|Any CPU
		{F8671C26-B245-420C-9BAB-58215206DFBD}.Release|Any CPU.ActiveCfg = Release|Any CPU
		{F8671C26-B245-420C-9BAB-58215206DFBD}.Release|Any CPU.Build.0 = Release|Any CPU
		{CFB0929B-D12A-4CB0-BC1D-14F3ACE833AF}.Debug|Any CPU.ActiveCfg = Debug|Any CPU
		{CFB0929B-D12A-4CB0-BC1D-14F3ACE833AF}.Release|Any CPU.ActiveCfg = Debug|Any CPU
		{CFB0929B-D12A-4CB0-BC1D-14F3ACE833AF}.Release|Any CPU.Build.0 = Debug|Any CPU
		{0BD281E7-B414-40D2-9C47-32FC92B8D067}.Debug|Any CPU.ActiveCfg = Debug|Any CPU
		{0BD281E7-B414-40D2-9C47-32FC92B8D067}.Debug|Any CPU.Build.0 = Debug|Any CPU
		{0BD281E7-B414-40D2-9C47-32FC92B8D067}.Release|Any CPU.ActiveCfg = Release|Any CPU
		{0BD281E7-B414-40D2-9C47-32FC92B8D067}.Release|Any CPU.Build.0 = Release|Any CPU
	EndGlobalSection
	GlobalSection(SolutionProperties) = preSolution
		HideSolutionNode = FALSE
	EndGlobalSection
	GlobalSection(ExtensibilityGlobals) = postSolution
		SolutionGuid = {10974D19-7920-4A25-90C6-BE776E51B4A4}
	EndGlobalSection
EndGlobal
